
Microsoft Visual Studio Solution File, Format Version 12.00
# Visual Studio Version 16
VisualStudioVersion = 16.0.31624.102
MinimumVisualStudioVersion = 10.0.40219.1
Project("{9A19103F-16F7-4668-BE54-9A1E7A4F7556}") = "Seihou", "Seihou\Seihou.csproj", "{148DEC4C-E17B-401B-91C4-00C792DD629B}"
EndProject
Project("{FAE04EC0-301F-11D3-BF4B-00C04F79EFBC}") = "Seihou.LevelTypeGenerator", "Seihou.LevelTypeGenerator\Seihou.LevelTypeGenerator.csproj", "{3E0614B9-D3AE-4887-BAEF-34108F374DCE}"
EndProject
Global
	GlobalSection(SolutionConfigurationPlatforms) = preSolution
		Debug|Any CPU = Debug|Any CPU
		Release|Any CPU = Release|Any CPU
	EndGlobalSection
	GlobalSection(ProjectConfigurationPlatforms) = postSolution
		{148DEC4C-E17B-401B-91C4-00C792DD629B}.Debug|Any CPU.ActiveCfg = Debug|Any CPU
		{148DEC4C-E17B-401B-91C4-00C792DD629B}.Debug|Any CPU.Build.0 = Debug|Any CPU
		{148DEC4C-E17B-401B-91C4-00C792DD629B}.Release|Any CPU.ActiveCfg = Release|Any CPU
		{148DEC4C-E17B-401B-91C4-00C792DD629B}.Release|Any CPU.Build.0 = Release|Any CPU
		{3E0614B9-D3AE-4887-BAEF-34108F374DCE}.Debug|Any CPU.ActiveCfg = Debug|Any CPU
		{3E0614B9-D3AE-4887-BAEF-34108F374DCE}.Debug|Any CPU.Build.0 = Debug|Any CPU
		{3E0614B9-D3AE-4887-BAEF-34108F374DCE}.Release|Any CPU.ActiveCfg = Release|Any CPU
		{3E0614B9-D3AE-4887-BAEF-34108F374DCE}.Release|Any CPU.Build.0 = Release|Any CPU
	EndGlobalSection
	GlobalSection(SolutionProperties) = preSolution
		HideSolutionNode = FALSE
	EndGlobalSection
	GlobalSection(ExtensibilityGlobals) = postSolution
		SolutionGuid = {65F0DA02-17D4-4225-8065-D22903896F76}
	EndGlobalSection
EndGlobal
