
Microsoft Visual Studio Solution File, Format Version 12.00
# Visual Studio 15
VisualStudioVersion = 15.0.28010.2003
MinimumVisualStudioVersion = 10.0.40219.1
Project("{FAE04EC0-301F-11D3-BF4B-00C04F79EFBC}") = "Seihou", "Seihou\Seihou.csproj", "{691E310C-9DEE-428D-960D-43EA42ECC205}"
EndProject
Global
	GlobalSection(SolutionConfigurationPlatforms) = preSolution
		Debug|x86 = Debug|x86
		Release|x86 = Release|x86
	EndGlobalSection
	GlobalSection(ProjectConfigurationPlatforms) = postSolution
		{691E310C-9DEE-428D-960D-43EA42ECC205}.Debug|x86.ActiveCfg = Debug|x86
		{691E310C-9DEE-428D-960D-43EA42ECC205}.Debug|x86.Build.0 = Debug|x86
		{691E310C-9DEE-428D-960D-43EA42ECC205}.Release|x86.ActiveCfg = Release|x86
		{691E310C-9DEE-428D-960D-43EA42ECC205}.Release|x86.Build.0 = Release|x86
	EndGlobalSection
	GlobalSection(SolutionProperties) = preSolution
		HideSolutionNode = FALSE
	EndGlobalSection
	GlobalSection(ExtensibilityGlobals) = postSolution
		SolutionGuid = {65F0DA02-17D4-4225-8065-D22903896F76}
	EndGlobalSection
EndGlobal
