
Microsoft Visual Studio Solution File, Format Version 12.00
# Visual Studio Version 17
VisualStudioVersion = 17.0.31612.314
MinimumVisualStudioVersion = 10.0.40219.1
Project("{9A19103F-16F7-4668-BE54-9A1E7A4F7556}") = "Seihou", "Seihou\Seihou.csproj", "{148DEC4C-E17B-401B-91C4-00C792DD629B}"
EndProject
Global
	GlobalSection(SolutionConfigurationPlatforms) = preSolution
		Debug|Any CPU = Debug|Any CPU
		Release|Any CPU = Release|Any CPU
	EndGlobalSection
	GlobalSection(ProjectConfigurationPlatforms) = postSolution
		{148DEC4C-E17B-401B-91C4-00C792DD629B}.Debug|Any CPU.ActiveCfg = Debug|Any CPU
		{148DEC4C-E17B-401B-91C4-00C792DD629B}.Debug|Any CPU.Build.0 = Debug|Any CPU
		{148DEC4C-E17B-401B-91C4-00C792DD629B}.Release|Any CPU.ActiveCfg = Release|Any CPU
		{148DEC4C-E17B-401B-91C4-00C792DD629B}.Release|Any CPU.Build.0 = Release|Any CPU
	EndGlobalSection
	GlobalSection(SolutionProperties) = preSolution
		HideSolutionNode = FALSE
	EndGlobalSection
	GlobalSection(ExtensibilityGlobals) = postSolution
		SolutionGuid = {65F0DA02-17D4-4225-8065-D22903896F76}
	EndGlobalSection
EndGlobal
